
Microsoft Visual Studio Solution File, Format Version 12.00
# Visual Studio Version 17
VisualStudioVersion = 17.14.37216.2 d17.14
MinimumVisualStudioVersion = 10.0.40219.1
Project("{888888A0-9F3D-457C-B088-3A5042F75D52}") = "IncomePredictionProject", "IncomePredictionProject.pyproj", "{2D5D6126-927B-45B8-A564-85FA4239FA5B}"
EndProject
Global
	GlobalSection(SolutionConfigurationPlatforms) = preSolution
		Debug|Any CPU = Debug|Any CPU
		Release|Any CPU = Release|Any CPU
	EndGlobalSection
	GlobalSection(ProjectConfigurationPlatforms) = postSolution
		{2D5D6126-927B-45B8-A564-85FA4239FA5B}.Debug|Any CPU.ActiveCfg = Debug|Any CPU
		{2D5D6126-927B-45B8-A564-85FA4239FA5B}.Release|Any CPU.ActiveCfg = Release|Any CPU
	EndGlobalSection
	GlobalSection(SolutionProperties) = preSolution
		HideSolutionNode = FALSE
	EndGlobalSection
	GlobalSection(ExtensibilityGlobals) = postSolution
		SolutionGuid = {93DA3904-BB13-4445-95D4-227DE2838A90}
	EndGlobalSection
EndGlobal
